
Microsoft Visual Studio Solution File, Format Version 12.00
Project("{FAE04EC0-301F-11D3-BF4B-00C04F79EFBC}") = "API", "API\API.csproj", "{A825E12B-44A1-4865-AD1F-68C950804E7B}"
EndProject
Project("{FAE04EC0-301F-11D3-BF4B-00C04F79EFBC}") = "CodeAnalysis", "CodeAnalysis\CodeAnalysis.csproj", "{5D65F3C7-AE79-4718-8B38-DC2F3C408066}"
EndProject
Project("{FAE04EC0-301F-11D3-BF4B-00C04F79EFBC}") = "CodeExecutionSystem.Contracts", "CodeExecutionSystem.Contracts\CodeExecutionSystem.Contracts.csproj", "{145C7273-EB57-46C2-A86C-33E63A0B154F}"
EndProject
Project("{FAE04EC0-301F-11D3-BF4B-00C04F79EFBC}") = "DockerIntegration", "DockerIntegration\DockerIntegration.csproj", "{0D9E4D30-DEAE-42E0-ACD6-623D50617572}"
EndProject
Project("{FAE04EC0-301F-11D3-BF4B-00C04F79EFBC}") = "CodeExecution", "CodeExecution\CodeExecution.csproj", "{0C348905-76BA-4B7F-AEF9-E7B9685D1753}"
EndProject
Global
	GlobalSection(SolutionConfigurationPlatforms) = preSolution
		Debug|Any CPU = Debug|Any CPU
		Release|Any CPU = Release|Any CPU
	EndGlobalSection
	GlobalSection(ProjectConfigurationPlatforms) = postSolution
		{A825E12B-44A1-4865-AD1F-68C950804E7B}.Debug|Any CPU.ActiveCfg = Debug|Any CPU
		{A825E12B-44A1-4865-AD1F-68C950804E7B}.Debug|Any CPU.Build.0 = Debug|Any CPU
		{A825E12B-44A1-4865-AD1F-68C950804E7B}.Release|Any CPU.ActiveCfg = Release|Any CPU
		{A825E12B-44A1-4865-AD1F-68C950804E7B}.Release|Any CPU.Build.0 = Release|Any CPU
		{5D65F3C7-AE79-4718-8B38-DC2F3C408066}.Debug|Any CPU.ActiveCfg = Debug|Any CPU
		{5D65F3C7-AE79-4718-8B38-DC2F3C408066}.Debug|Any CPU.Build.0 = Debug|Any CPU
		{5D65F3C7-AE79-4718-8B38-DC2F3C408066}.Release|Any CPU.ActiveCfg = Release|Any CPU
		{5D65F3C7-AE79-4718-8B38-DC2F3C408066}.Release|Any CPU.Build.0 = Release|Any CPU
		{145C7273-EB57-46C2-A86C-33E63A0B154F}.Debug|Any CPU.ActiveCfg = Debug|Any CPU
		{145C7273-EB57-46C2-A86C-33E63A0B154F}.Debug|Any CPU.Build.0 = Debug|Any CPU
		{145C7273-EB57-46C2-A86C-33E63A0B154F}.Release|Any CPU.ActiveCfg = Release|Any CPU
		{145C7273-EB57-46C2-A86C-33E63A0B154F}.Release|Any CPU.Build.0 = Release|Any CPU
		{0D9E4D30-DEAE-42E0-ACD6-623D50617572}.Debug|Any CPU.ActiveCfg = Debug|Any CPU
		{0D9E4D30-DEAE-42E0-ACD6-623D50617572}.Debug|Any CPU.Build.0 = Debug|Any CPU
		{0D9E4D30-DEAE-42E0-ACD6-623D50617572}.Release|Any CPU.ActiveCfg = Release|Any CPU
		{0D9E4D30-DEAE-42E0-ACD6-623D50617572}.Release|Any CPU.Build.0 = Release|Any CPU
		{0C348905-76BA-4B7F-AEF9-E7B9685D1753}.Debug|Any CPU.ActiveCfg = Debug|Any CPU
		{0C348905-76BA-4B7F-AEF9-E7B9685D1753}.Debug|Any CPU.Build.0 = Debug|Any CPU
		{0C348905-76BA-4B7F-AEF9-E7B9685D1753}.Release|Any CPU.ActiveCfg = Release|Any CPU
		{0C348905-76BA-4B7F-AEF9-E7B9685D1753}.Release|Any CPU.Build.0 = Release|Any CPU
	EndGlobalSection
EndGlobal
